
Microsoft Visual Studio Solution File, Format Version 12.00
# Visual Studio Version 16
VisualStudioVersion = 16.0.32126.315
MinimumVisualStudioVersion = 10.0.40219.1
Project("{FAE04EC0-301F-11D3-BF4B-00C04F79EFBC}") = "HarshilBooksStore", "HarshilBooksStore\HarshilBooksStore.csproj", "{5A5A0C37-9AFD-4A19-A72E-9E05445F3847}"
EndProject
Project("{FAE04EC0-301F-11D3-BF4B-00C04F79EFBC}") = "HarshilBooks.DataAccess", "HarshilBooks.DataAccess\HarshilBooks.DataAccess.csproj", "{188A6B51-00FD-4EBD-9D8F-F133DCEFD00C}"
EndProject
Project("{FAE04EC0-301F-11D3-BF4B-00C04F79EFBC}") = "HarshilBooks.Models", "HarshilBooks.Models\HarshilBooks.Models.csproj", "{B62B0A03-C019-45F6-94D7-F0D8F4C01C37}"
EndProject
Project("{FAE04EC0-301F-11D3-BF4B-00C04F79EFBC}") = "HarshilBooks.Utility", "HarshilBooks.Utility\HarshilBooks.Utility.csproj", "{ECBC3698-5B11-4EE8-B742-1D6715E78901}"
EndProject
Global
	GlobalSection(SolutionConfigurationPlatforms) = preSolution
		Debug|Any CPU = Debug|Any CPU
		Release|Any CPU = Release|Any CPU
	EndGlobalSection
	GlobalSection(ProjectConfigurationPlatforms) = postSolution
		{5A5A0C37-9AFD-4A19-A72E-9E05445F3847}.Debug|Any CPU.ActiveCfg = Debug|Any CPU
		{5A5A0C37-9AFD-4A19-A72E-9E05445F3847}.Debug|Any CPU.Build.0 = Debug|Any CPU
		{5A5A0C37-9AFD-4A19-A72E-9E05445F3847}.Release|Any CPU.ActiveCfg = Release|Any CPU
		{5A5A0C37-9AFD-4A19-A72E-9E05445F3847}.Release|Any CPU.Build.0 = Release|Any CPU
		{188A6B51-00FD-4EBD-9D8F-F133DCEFD00C}.Debug|Any CPU.ActiveCfg = Debug|Any CPU
		{188A6B51-00FD-4EBD-9D8F-F133DCEFD00C}.Debug|Any CPU.Build.0 = Debug|Any CPU
		{188A6B51-00FD-4EBD-9D8F-F133DCEFD00C}.Release|Any CPU.ActiveCfg = Release|Any CPU
		{188A6B51-00FD-4EBD-9D8F-F133DCEFD00C}.Release|Any CPU.Build.0 = Release|Any CPU
		{B62B0A03-C019-45F6-94D7-F0D8F4C01C37}.Debug|Any CPU.ActiveCfg = Debug|Any CPU
		{B62B0A03-C019-45F6-94D7-F0D8F4C01C37}.Debug|Any CPU.Build.0 = Debug|Any CPU
		{B62B0A03-C019-45F6-94D7-F0D8F4C01C37}.Release|Any CPU.ActiveCfg = Release|Any CPU
		{B62B0A03-C019-45F6-94D7-F0D8F4C01C37}.Release|Any CPU.Build.0 = Release|Any CPU
		{ECBC3698-5B11-4EE8-B742-1D6715E78901}.Debug|Any CPU.ActiveCfg = Debug|Any CPU
		{ECBC3698-5B11-4EE8-B742-1D6715E78901}.Debug|Any CPU.Build.0 = Debug|Any CPU
		{ECBC3698-5B11-4EE8-B742-1D6715E78901}.Release|Any CPU.ActiveCfg = Release|Any CPU
		{ECBC3698-5B11-4EE8-B742-1D6715E78901}.Release|Any CPU.Build.0 = Release|Any CPU
	EndGlobalSection
	GlobalSection(SolutionProperties) = preSolution
		HideSolutionNode = FALSE
	EndGlobalSection
	GlobalSection(ExtensibilityGlobals) = postSolution
		SolutionGuid = {D9FC646F-144C-4519-8A15-690C234DDBF6}
	EndGlobalSection
EndGlobal
